// !$*UTF8*$!
{
	archiveVersion = 1;
	classes = {
	};
	objectVersion = 46;
	objects = {

/* Begin PBXBuildFile section */
		3CBE3DB21E311B290080AEA6 /* main.m in Sources */ = {isa = PBXBuildFile; fileRef = 3CBE3DB11E311B290080AEA6 /* main.m */; };
		3CBE3DB51E311B290080AEA6 /* AppDelegate.m in Sources */ = {isa = PBXBuildFile; fileRef = 3CBE3DB41E311B290080AEA6 /* AppDelegate.m */; };
		3CBE3DBB1E311B290080AEA6 /* Main.storyboard in Resources */ = {isa = PBXBuildFile; fileRef = 3CBE3DB91E311B290080AEA6 /* Main.storyboard */; };
		3CBE3DBD1E311B290080AEA6 /* Assets.xcassets in Resources */ = {isa = PBXBuildFile; fileRef = 3CBE3DBC1E311B290080AEA6 /* Assets.xcassets */; };
		3CBE3DC01E311B290080AEA6 /* LaunchScreen.storyboard in Resources */ = {isa = PBXBuildFile; fileRef = 3CBE3DBE1E311B290080AEA6 /* LaunchScreen.storyboard */; };
		3CDA7FAA1E311E8A002F6900 /* PanViewController.m in Sources */ = {isa = PBXBuildFile; fileRef = 3CDA7FA91E311E8A002F6900 /* PanViewController.m */; };
		3CDA7FAD1E311E98002F6900 /* TapViewController.m in Sources */ = {isa = PBXBuildFile; fileRef = 3CDA7FAC1E311E98002F6900 /* TapViewController.m */; };
		3CDA7FB01E312310002F6900 /* PinchViewController.m in Sources */ = {isa = PBXBuildFile; fileRef = 3CDA7FAF1E312310002F6900 /* PinchViewController.m */; };
		3CDA7FB31E313072002F6900 /* SwipeViewController.m in Sources */ = {isa = PBXBuildFile; fileRef = 3CDA7FB21E313072002F6900 /* SwipeViewController.m */; };
		3CDA7FB61E314B2A002F6900 /* RotationViewController.m in Sources */ = {isa = PBXBuildFile; fileRef = 3CDA7FB51E314B2A002F6900 /* RotationViewController.m */; };
		3CDA7FB91E3151DE002F6900 /* EdgePanViewController.m in Sources */ = {isa = PBXBuildFile; fileRef = 3CDA7FB81E3151DE002F6900 /* EdgePanViewController.m */; };
/* End PBXBuildFile section */

/* Begin PBXFileReference section */
		3CBE3DAD1E311B290080AEA6 /* iOSGestures.app */ = {isa = PBXFileReference; explicitFileType = wrapper.application; includeInIndex = 0; path = iOSGestures.app; sourceTree = BUILT_PRODUCTS_DIR; };
		3CBE3DB11E311B290080AEA6 /* main.m */ = {isa = PBXFileReference; lastKnownFileType = sourcecode.c.objc; path = main.m; sourceTree = "<group>"; };
		3CBE3DB31E311B290080AEA6 /* AppDelegate.h */ = {isa = PBXFileReference; lastKnownFileType = sourcecode.c.h; path = AppDelegate.h; sourceTree = "<group>"; };
		3CBE3DB41E311B290080AEA6 /* AppDelegate.m */ = {isa = PBXFileReference; lastKnownFileType = sourcecode.c.objc; path = AppDelegate.m; sourceTree = "<group>"; };
		3CBE3DBA1E311B290080AEA6 /* Base */ = {isa = PBXFileReference; lastKnownFileType = file.storyboard; name = Base; path = Base.lproj/Main.storyboard; sourceTree = "<group>"; };
		3CBE3DBC1E311B290080AEA6 /* Assets.xcassets */ = {isa = PBXFileReference; lastKnownFileType = folder.assetcatalog; path = Assets.xcassets; sourceTree = "<group>"; };
		3CBE3DBF1E311B290080AEA6 /* Base */ = {isa = PBXFileReference; lastKnownFileType = file.storyboard; name = Base; path = Base.lproj/LaunchScreen.storyboard; sourceTree = "<group>"; };
		3CBE3DC11E311B290080AEA6 /* Info.plist */ = {isa = PBXFileReference; lastKnownFileType = text.plist.xml; path = Info.plist; sourceTree = "<group>"; };
		3CDA7FA81E311E8A002F6900 /* PanViewController.h */ = {isa = PBXFileReference; fileEncoding = 4; lastKnownFileType = sourcecode.c.h; path = PanViewController.h; sourceTree = "<group>"; };
		3CDA7FA91E311E8A002F6900 /* PanViewController.m */ = {isa = PBXFileReference; fileEncoding = 4; lastKnownFileType = sourcecode.c.objc; path = PanViewController.m; sourceTree = "<group>"; };
		3CDA7FAB1E311E98002F6900 /* TapViewController.h */ = {isa = PBXFileReference; fileEncoding = 4; lastKnownFileType = sourcecode.c.h; path = TapViewController.h; sourceTree = "<group>"; };
		3CDA7FAC1E311E98002F6900 /* TapViewController.m */ = {isa = PBXFileReference; fileEncoding = 4; lastKnownFileType = sourcecode.c.objc; path = TapViewController.m; sourceTree = "<group>"; };
		3CDA7FAE1E312310002F6900 /* PinchViewController.h */ = {isa = PBXFileReference; fileEncoding = 4; lastKnownFileType = sourcecode.c.h; path = PinchViewController.h; sourceTree = "<group>"; };
		3CDA7FAF1E312310002F6900 /* PinchViewController.m */ = {isa = PBXFileReference; fileEncoding = 4; lastKnownFileType = sourcecode.c.objc; path = PinchViewController.m; sourceTree = "<group>"; };
		3CDA7FB11E313072002F6900 /* SwipeViewController.h */ = {isa = PBXFileReference; fileEncoding = 4; lastKnownFileType = sourcecode.c.h; path = SwipeViewController.h; sourceTree = "<group>"; };
		3CDA7FB21E313072002F6900 /* SwipeViewController.m */ = {isa = PBXFileReference; fileEncoding = 4; lastKnownFileType = sourcecode.c.objc; path = SwipeViewController.m; sourceTree = "<group>"; };
		3CDA7FB41E314B2A002F6900 /* RotationViewController.h */ = {isa = PBXFileReference; fileEncoding = 4; lastKnownFileType = sourcecode.c.h; path = RotationViewController.h; sourceTree = "<group>"; };
		3CDA7FB51E314B2A002F6900 /* RotationViewController.m */ = {isa = PBXFileReference; fileEncoding = 4; lastKnownFileType = sourcecode.c.objc; path = RotationViewController.m; sourceTree = "<group>"; };
		3CDA7FB71E3151DE002F6900 /* EdgePanViewController.h */ = {isa = PBXFileReference; fileEncoding = 4; lastKnownFileType = sourcecode.c.h; path = EdgePanViewController.h; sourceTree = "<group>"; };
		3CDA7FB81E3151DE002F6900 /* EdgePanViewController.m */ = {isa = PBXFileReference; fileEncoding = 4; lastKnownFileType = sourcecode.c.objc; path = EdgePanViewController.m; sourceTree = "<group>"; };
/* End PBXFileReference section */

/* Begin PBXFrameworksBuildPhase section */
		3CBE3DAA1E311B290080AEA6 /* Frameworks */ = {
			isa = PBXFrameworksBuildPhase;
			buildActionMask = 2147483647;
			files = (
			);
			runOnlyForDeploymentPostprocessing = 0;
		};
/* End PBXFrameworksBuildPhase section */

/* Begin PBXGroup section */
		3CBE3DA41E311B290080AEA6 = {
			isa = PBXGroup;
			children = (
				3CBE3DAF1E311B290080AEA6 /* iOSGestures */,
				3CBE3DAE1E311B290080AEA6 /* Products */,
			);
			sourceTree = "<group>";
		};
		3CBE3DAE1E311B290080AEA6 /* Products */ = {
			isa = PBXGroup;
			children = (
				3CBE3DAD1E311B290080AEA6 /* iOSGestures.app */,
			);
			name = Products;
			sourceTree = "<group>";
		};
		3CBE3DAF1E311B290080AEA6 /* iOSGestures */ = {
			isa = PBXGroup;
			children = (
				3CBE3DB91E311B290080AEA6 /* Main.storyboard */,
				3CDA7FB71E3151DE002F6900 /* EdgePanViewController.h */,
				3CDA7FB81E3151DE002F6900 /* EdgePanViewController.m */,
				3CDA7FB41E314B2A002F6900 /* RotationViewController.h */,
				3CDA7FB51E314B2A002F6900 /* RotationViewController.m */,
				3CDA7FB11E313072002F6900 /* SwipeViewController.h */,
				3CDA7FB21E313072002F6900 /* SwipeViewController.m */,
				3CDA7FAE1E312310002F6900 /* PinchViewController.h */,
				3CDA7FAF1E312310002F6900 /* PinchViewController.m */,
				3CDA7FA81E311E8A002F6900 /* PanViewController.h */,
				3CDA7FA91E311E8A002F6900 /* PanViewController.m */,
				3CDA7FAB1E311E98002F6900 /* TapViewController.h */,
				3CDA7FAC1E311E98002F6900 /* TapViewController.m */,
				3CBE3DB01E311B290080AEA6 /* Supporting Files */,
			);
			path = iOSGestures;
			sourceTree = "<group>";
		};
		3CBE3DB01E311B290080AEA6 /* Supporting Files */ = {
			isa = PBXGroup;
			children = (
				3CBE3DB31E311B290080AEA6 /* AppDelegate.h */,
				3CBE3DB41E311B290080AEA6 /* AppDelegate.m */,
				3CBE3DBC1E311B290080AEA6 /* Assets.xcassets */,
				3CBE3DBE1E311B290080AEA6 /* LaunchScreen.storyboard */,
				3CBE3DC11E311B290080AEA6 /* Info.plist */,
				3CBE3DB11E311B290080AEA6 /* main.m */,
			);
			name = "Supporting Files";
			sourceTree = "<group>";
		};
/* End PBXGroup section */

/* Begin PBXNativeTarget section */
		3CBE3DAC1E311B290080AEA6 /* iOSGestures */ = {
			isa = PBXNativeTarget;
			buildConfigurationList = 3CBE3DC41E311B290080AEA6 /* Build configuration list for PBXNativeTarget "iOSGestures" */;
			buildPhases = (
				3CBE3DA91E311B290080AEA6 /* Sources */,
				3CBE3DAA1E311B290080AEA6 /* Frameworks */,
				3CBE3DAB1E311B290080AEA6 /* Resources */,
			);
			buildRules = (
			);
			dependencies = (
			);
			name = iOSGestures;
			productName = iOSGestures;
			productReference = 3CBE3DAD1E311B290080AEA6 /* iOSGestures.app */;
			productType = "com.apple.product-type.application";
		};
/* End PBXNativeTarget section */

/* Begin PBXProject section */
		3CBE3DA51E311B290080AEA6 /* Project object */ = {
			isa = PBXProject;
			attributes = {
				LastUpgradeCheck = 0820;
				ORGANIZATIONNAME = Jonescr;
				TargetAttributes = {
					3CBE3DAC1E311B290080AEA6 = {
						CreatedOnToolsVersion = 8.2.1;
						ProvisioningStyle = Automatic;
					};
				};
			};
			buildConfigurationList = 3CBE3DA81E311B290080AEA6 /* Build configuration list for PBXProject "iOSGestures" */;
			compatibilityVersion = "Xcode 3.2";
			developmentRegion = English;
			hasScannedForEncodings = 0;
			knownRegions = (
				en,
				Base,
			);
			mainGroup = 3CBE3DA41E311B290080AEA6;
			productRefGroup = 3CBE3DAE1E311B290080AEA6 /* Products */;
			projectDirPath = "";
			projectRoot = "";
			targets = (
				3CBE3DAC1E311B290080AEA6 /* iOSGestures */,
			);
		};
/* End PBXProject section */

/* Begin PBXResourcesBuildPhase section */
		3CBE3DAB1E311B290080AEA6 /* Resources */ = {
			isa = PBXResourcesBuildPhase;
			buildActionMask = 2147483647;
			files = (
				3CBE3DC01E311B290080AEA6 /* LaunchScreen.storyboard in Resources */,
				3CBE3DBD1E311B290080AEA6 /* Assets.xcassets in Resources */,
				3CBE3DBB1E311B290080AEA6 /* Main.storyboard in Resources */,
			);
			runOnlyForDeploymentPostprocessing = 0;
		};
/* End PBXResourcesBuildPhase section */

/* Begin PBXSourcesBuildPhase section */
		3CBE3DA91E311B290080AEA6 /* Sources */ = {
			isa = PBXSourcesBuildPhase;
			buildActionMask = 2147483647;
			files = (
				3CDA7FAA1E311E8A002F6900 /* PanViewController.m in Sources */,
				3CBE3DB51E311B290080AEA6 /* AppDelegate.m in Sources */,
				3CDA7FB01E312310002F6900 /* PinchViewController.m in Sources */,
				3CDA7FB61E314B2A002F6900 /* RotationViewController.m in Sources */,
				3CDA7FB31E313072002F6900 /* SwipeViewController.m in Sources */,
				3CDA7FB91E3151DE002F6900 /* EdgePanViewController.m in Sources */,
				3CDA7FAD1E311E98002F6900 /* TapViewController.m in Sources */,
				3CBE3DB21E311B290080AEA6 /* main.m in Sources */,
			);
			runOnlyForDeploymentPostprocessing = 0;
		};
/* End PBXSourcesBuildPhase section */

/* Begin PBXVariantGroup section */
		3CBE3DB91E311B290080AEA6 /* Main.storyboard */ = {
			isa = PBXVariantGroup;
			children = (
				3CBE3DBA1E311B290080AEA6 /* Base */,
			);
			name = Main.storyboard;
			sourceTree = "<group>";
		};
		3CBE3DBE1E311B290080AEA6 /* LaunchScreen.storyboard */ = {
			isa = PBXVariantGroup;
			children = (
				3CBE3DBF1E311B290080AEA6 /* Base */,
			);
			name = LaunchScreen.storyboard;
			sourceTree = "<group>";
		};
/* End PBXVariantGroup section */

/* Begin XCBuildConfiguration section */
		3CBE3DC21E311B290080AEA6 /* Debug */ = {
			isa = XCBuildConfiguration;
			buildSettings = {
				ALWAYS_SEARCH_USER_PATHS = NO;
				CLANG_ANALYZER_NONNULL = YES;
				CLANG_CXX_LANGUAGE_STANDARD = "gnu++0x";
				CLANG_CXX_LIBRARY = "libc++";
				CLANG_ENABLE_MODULES = YES;
				CLANG_ENABLE_OBJC_ARC = YES;
				CLANG_WARN_BOOL_CONVERSION = YES;
				CLANG_WARN_CONSTANT_CONVERSION = YES;
				CLANG_WARN_DIRECT_OBJC_ISA_USAGE = YES_ERROR;
				CLANG_WARN_DOCUMENTATION_COMMENTS = YES;
				CLANG_WARN_EMPTY_BODY = YES;
				CLANG_WARN_ENUM_CONVERSION = YES;
				CLANG_WARN_INFINITE_RECURSION = YES;
				CLANG_WARN_INT_CONVERSION = YES;
				CLANG_WARN_OBJC_ROOT_CLASS = YES_ERROR;
				CLANG_WARN_SUSPICIOUS_MOVE = YES;
				CLANG_WARN_UNREACHABLE_CODE = YES;
				CLANG_WARN__DUPLICATE_METHOD_MATCH = YES;
				"CODE_SIGN_IDENTITY[sdk=iphoneos*]" = "iPhone Developer";
				COPY_PHASE_STRIP = NO;
				DEBUG_INFORMATION_FORMAT = dwarf;
				ENABLE_STRICT_OBJC_MSGSEND = YES;
				ENABLE_TESTABILITY = YES;
				GCC_C_LANGUAGE_STANDARD = gnu99;
				GCC_DYNAMIC_NO_PIC = NO;
				GCC_NO_COMMON_BLOCKS = YES;
				GCC_OPTIMIZATION_LEVEL = 0;
				GCC_PREPROCESSOR_DEFINITIONS = (
					"DEBUG=1",
					"$(inherited)",
				);
				GCC_WARN_64_TO_32_BIT_CONVERSION = YES;
				GCC_WARN_ABOUT_RETURN_TYPE = YES_ERROR;
				GCC_WARN_UNDECLARED_SELECTOR = YES;
				GCC_WARN_UNINITIALIZED_AUTOS = YES_AGGRESSIVE;
				GCC_WARN_UNUSED_FUNCTION = YES;
				GCC_WARN_UNUSED_VARIABLE = YES;
				IPHONEOS_DEPLOYMENT_TARGET = 10.2;
				MTL_ENABLE_DEBUG_INFO = YES;
				ONLY_ACTIVE_ARCH = YES;
				SDKROOT = iphoneos;
			};
			name = Debug;
		};
		3CBE3DC31E311B290080AEA6 /* Release */ = {
			isa = XCBuildConfiguration;
			buildSettings = {
				ALWAYS_SEARCH_USER_PATHS = NO;
				CLANG_ANALYZER_NONNULL = YES;
				CLANG_CXX_LANGUAGE_STANDARD = "gnu++0x";
				CLANG_CXX_LIBRARY = "libc++";
				CLANG_ENABLE_MODULES = YES;
				CLANG_ENABLE_OBJC_ARC = YES;
				CLANG_WARN_BOOL_CONVERSION = YES;
				CLANG_WARN_CONSTANT_CONVERSION = YES;
				CLANG_WARN_DIRECT_OBJC_ISA_USAGE = YES_ERROR;
				CLANG_WARN_DOCUMENTATION_COMMENTS = YES;
				CLANG_WARN_EMPTY_BODY = YES;
				CLANG_WARN_ENUM_CONVERSION = YES;
				CLANG_WARN_INFINITE_RECURSION = YES;
				CLANG_WARN_INT_CONVERSION = YES;
				CLANG_WARN_OBJC_ROOT_CLASS = YES_ERROR;
				CLANG_WARN_SUSPICIOUS_MOVE = YES;
				CLANG_WARN_UNREACHABLE_CODE = YES;
				CLANG_WARN__DUPLICATE_METHOD_MATCH = YES;
				"CODE_SIGN_IDENTITY[sdk=iphoneos*]" = "iPhone Developer";
				COPY_PHASE_STRIP = NO;
				DEBUG_INFORMATION_FORMAT = "dwarf-with-dsym";
				ENABLE_NS_ASSERTIONS = NO;
				ENABLE_STRICT_OBJC_MSGSEND = YES;
				GCC_C_LANGUAGE_STANDARD = gnu99;
				GCC_NO_COMMON_BLOCKS = YES;
				GCC_WARN_64_TO_32_BIT_CONVERSION = YES;
				GCC_WARN_ABOUT_RETURN_TYPE = YES_ERROR;
				GCC_WARN_UNDECLARED_SELECTOR = YES;
				GCC_WARN_UNINITIALIZED_AUTOS = YES_AGGRESSIVE;
				GCC_WARN_UNUSED_FUNCTION = YES;
				GCC_WARN_UNUSED_VARIABLE = YES;
				IPHONEOS_DEPLOYMENT_TARGET = 10.2;
				MTL_ENABLE_DEBUG_INFO = NO;
				SDKROOT = iphoneos;
				VALIDATE_PRODUCT = YES;
			};
			name = Release;
		};
		3CBE3DC51E311B290080AEA6 /* Debug */ = {
			isa = XCBuildConfiguration;
			buildSettings = {
				ASSETCATALOG_COMPILER_APPICON_NAME = AppIcon;
				INFOPLIST_FILE = iOSGestures/Info.plist;
				LD_RUNPATH_SEARCH_PATHS = "$(inherited) @executable_path/Frameworks";
				PRODUCT_BUNDLE_IDENTIFIER = CRJ.iOSGestures;
				PRODUCT_NAME = "$(TARGET_NAME)";
			};
			name = Debug;
		};
		3CBE3DC61E311B290080AEA6 /* Release */ = {
			isa = XCBuildConfiguration;
			buildSettings = {
				ASSETCATALOG_COMPILER_APPICON_NAME = AppIcon;
				INFOPLIST_FILE = iOSGestures/Info.plist;
				LD_RUNPATH_SEARCH_PATHS = "$(inherited) @executable_path/Frameworks";
				PRODUCT_BUNDLE_IDENTIFIER = CRJ.iOSGestures;
				PRODUCT_NAME = "$(TARGET_NAME)";
			};
			name = Release;
		};
/* End XCBuildConfiguration section */

/* Begin XCConfigurationList section */
		3CBE3DA81E311B290080AEA6 /* Build configuration list for PBXProject "iOSGestures" */ = {
			isa = XCConfigurationList;
			buildConfigurations = (
				3CBE3DC21E311B290080AEA6 /* Debug */,
				3CBE3DC31E311B290080AEA6 /* Release */,
			);
			defaultConfigurationIsVisible = 0;
			defaultConfigurationName = Release;
		};
		3CBE3DC41E311B290080AEA6 /* Build configuration list for PBXNativeTarget "iOSGestures" */ = {
			isa = XCConfigurationList;
			buildConfigurations = (
				3CBE3DC51E311B290080AEA6 /* Debug */,
				3CBE3DC61E311B290080AEA6 /* Release */,
			);
			defaultConfigurationIsVisible = 0;
			defaultConfigurationName = Release;
		};
/* End XCConfigurationList section */
	};
	rootObject = 3CBE3DA51E311B290080AEA6 /* Project object */;
}
